<?xml version="1.0" encoding="utf-8"?>
<Project ToolsVersion="17.0" xmlns="http://schemas.microsoft.com/developer/msbuild/2003">
  <ItemGroup>
    <CustomBuild Include="C:\Users\rcsch\OneDrive\Desktop\ISP_homework\ISP_hw\jasper_build\CMakeFiles\e8b0faf10ae1f51d783dc5176bfaf30a\PACKAGE_force.rule">
      <Filter>CMake Rules</Filter>
    </CustomBuild>
  </ItemGroup>
  <ItemGroup>
    <Filter Include="CMake Rules">
      <UniqueIdentifier>{5770265E-1A83-3A4A-9DED-39F25F515840}</UniqueIdentifier>
    </Filter>
  </ItemGroup>
</Project>
