
Microsoft Visual Studio Solution File, Format Version 12.00
# Visual Studio Version 17
Project("{8BC9CEB8-8B4A-11D0-8D11-00A0C91BC942}") = "ALL_BUILD", "ALL_BUILD.vcxproj", "{B9F34980-8BFF-37F5-95BD-D94C20B2FE51}"
	ProjectSection(ProjectDependencies) = postProject
		{22B3163D-7505-399F-BB7A-FB7720A0C589} = {22B3163D-7505-399F-BB7A-FB7720A0C589}
		{509D6A0C-D921-3755-9918-175ED67AF4B3} = {509D6A0C-D921-3755-9918-175ED67AF4B3}
		{B53336B6-EB71-3647-9E28-C5185BDCC55A} = {B53336B6-EB71-3647-9E28-C5185BDCC55A}
		{71786BC0-1DBE-3192-8776-3B725F7EDAFA} = {71786BC0-1DBE-3192-8776-3B725F7EDAFA}
		{C36B0673-5CC1-376B-AB6B-A647F548B07F} = {C36B0673-5CC1-376B-AB6B-A647F548B07F}
		{C255AE44-BCFE-3566-A010-DCCF341D2331} = {C255AE44-BCFE-3566-A010-DCCF341D2331}
		{91457448-2DF9-3D94-A6D0-E954EBE5A557} = {91457448-2DF9-3D94-A6D0-E954EBE5A557}
	EndProjectSection
EndProject
Project("{8BC9CEB8-8B4A-11D0-8D11-00A0C91BC942}") = "Continuous", "Continuous.vcxproj", "{1CC089D9-A168-3AE5-8520-DCFED4A838F2}"
	ProjectSection(ProjectDependencies) = postProject
	EndProjectSection
EndProject
Project("{8BC9CEB8-8B4A-11D0-8D11-00A0C91BC942}") = "Experimental", "Experimental.vcxproj", "{BA559CEB-92A4-3A0F-A868-0C9591CBE0E8}"
	ProjectSection(ProjectDependencies) = postProject
	EndProjectSection
EndProject
Project("{8BC9CEB8-8B4A-11D0-8D11-00A0C91BC942}") = "INSTALL", "INSTALL.vcxproj", "{8AF9E92C-CFCF-3520-B7D4-D6598A18E9C1}"
	ProjectSection(ProjectDependencies) = postProject
		{B9F34980-8BFF-37F5-95BD-D94C20B2FE51} = {B9F34980-8BFF-37F5-95BD-D94C20B2FE51}
	EndProjectSection
EndProject
Project("{8BC9CEB8-8B4A-11D0-8D11-00A0C91BC942}") = "Nightly", "Nightly.vcxproj", "{462FB187-E910-36F6-808B-8AC677B1A728}"
	ProjectSection(ProjectDependencies) = postProject
	EndProjectSection
EndProject
Project("{8BC9CEB8-8B4A-11D0-8D11-00A0C91BC942}") = "NightlyMemoryCheck", "NightlyMemoryCheck.vcxproj", "{AE627872-BD7A-3B3F-9C1A-685B1DC60E84}"
	ProjectSection(ProjectDependencies) = postProject
	EndProjectSection
EndProject
Project("{8BC9CEB8-8B4A-11D0-8D11-00A0C91BC942}") = "PACKAGE", "PACKAGE.vcxproj", "{B5452F79-A843-3354-BFE2-3D12227C3E0F}"
	ProjectSection(ProjectDependencies) = postProject
		{B9F34980-8BFF-37F5-95BD-D94C20B2FE51} = {B9F34980-8BFF-37F5-95BD-D94C20B2FE51}
	EndProjectSection
EndProject
Project("{8BC9CEB8-8B4A-11D0-8D11-00A0C91BC942}") = "RUN_TESTS", "RUN_TESTS.vcxproj", "{3B420456-B86D-34B8-A7BA-938B0D8D2148}"
	ProjectSection(ProjectDependencies) = postProject
	EndProjectSection
EndProject
Project("{8BC9CEB8-8B4A-11D0-8D11-00A0C91BC942}") = "check", "src\app\check.vcxproj", "{9E87ED8B-CD58-3E4C-83D5-0762BDBC7B9A}"
	ProjectSection(ProjectDependencies) = postProject
		{22B3163D-7505-399F-BB7A-FB7720A0C589} = {22B3163D-7505-399F-BB7A-FB7720A0C589}
		{509D6A0C-D921-3755-9918-175ED67AF4B3} = {509D6A0C-D921-3755-9918-175ED67AF4B3}
		{B53336B6-EB71-3647-9E28-C5185BDCC55A} = {B53336B6-EB71-3647-9E28-C5185BDCC55A}
		{C36B0673-5CC1-376B-AB6B-A647F548B07F} = {C36B0673-5CC1-376B-AB6B-A647F548B07F}
		{C255AE44-BCFE-3566-A010-DCCF341D2331} = {C255AE44-BCFE-3566-A010-DCCF341D2331}
		{91457448-2DF9-3D94-A6D0-E954EBE5A557} = {91457448-2DF9-3D94-A6D0-E954EBE5A557}
	EndProjectSection
EndProject
Project("{8BC9CEB8-8B4A-11D0-8D11-00A0C91BC942}") = "conformance_check", "src\app\conformance_check.vcxproj", "{80267A43-E787-3160-ADF2-D261753224C8}"
	ProjectSection(ProjectDependencies) = postProject
		{22B3163D-7505-399F-BB7A-FB7720A0C589} = {22B3163D-7505-399F-BB7A-FB7720A0C589}
		{509D6A0C-D921-3755-9918-175ED67AF4B3} = {509D6A0C-D921-3755-9918-175ED67AF4B3}
		{B53336B6-EB71-3647-9E28-C5185BDCC55A} = {B53336B6-EB71-3647-9E28-C5185BDCC55A}
	EndProjectSection
EndProject
Project("{8BC9CEB8-8B4A-11D0-8D11-00A0C91BC942}") = "imgcmp", "src\app\imgcmp.vcxproj", "{22B3163D-7505-399F-BB7A-FB7720A0C589}"
	ProjectSection(ProjectDependencies) = postProject
		{71786BC0-1DBE-3192-8776-3B725F7EDAFA} = {71786BC0-1DBE-3192-8776-3B725F7EDAFA}
	EndProjectSection
EndProject
Project("{8BC9CEB8-8B4A-11D0-8D11-00A0C91BC942}") = "imginfo", "src\app\imginfo.vcxproj", "{509D6A0C-D921-3755-9918-175ED67AF4B3}"
	ProjectSection(ProjectDependencies) = postProject
		{71786BC0-1DBE-3192-8776-3B725F7EDAFA} = {71786BC0-1DBE-3192-8776-3B725F7EDAFA}
	EndProjectSection
EndProject
Project("{8BC9CEB8-8B4A-11D0-8D11-00A0C91BC942}") = "jasper", "src\app\jasper.vcxproj", "{B53336B6-EB71-3647-9E28-C5185BDCC55A}"
	ProjectSection(ProjectDependencies) = postProject
		{71786BC0-1DBE-3192-8776-3B725F7EDAFA} = {71786BC0-1DBE-3192-8776-3B725F7EDAFA}
	EndProjectSection
EndProject
Project("{8BC9CEB8-8B4A-11D0-8D11-00A0C91BC942}") = "libjasper", "src\libjasper\libjasper.vcxproj", "{71786BC0-1DBE-3192-8776-3B725F7EDAFA}"
	ProjectSection(ProjectDependencies) = postProject
	EndProjectSection
EndProject
Project("{8BC9CEB8-8B4A-11D0-8D11-00A0C91BC942}") = "multithread", "src\app\multithread.vcxproj", "{C36B0673-5CC1-376B-AB6B-A647F548B07F}"
	ProjectSection(ProjectDependencies) = postProject
		{71786BC0-1DBE-3192-8776-3B725F7EDAFA} = {71786BC0-1DBE-3192-8776-3B725F7EDAFA}
	EndProjectSection
EndProject
Project("{8BC9CEB8-8B4A-11D0-8D11-00A0C91BC942}") = "test_1", "src\app\test_1.vcxproj", "{C255AE44-BCFE-3566-A010-DCCF341D2331}"
	ProjectSection(ProjectDependencies) = postProject
		{71786BC0-1DBE-3192-8776-3B725F7EDAFA} = {71786BC0-1DBE-3192-8776-3B725F7EDAFA}
	EndProjectSection
EndProject
Project("{8BC9CEB8-8B4A-11D0-8D11-00A0C91BC942}") = "tmrdemo", "src\app\tmrdemo.vcxproj", "{91457448-2DF9-3D94-A6D0-E954EBE5A557}"
	ProjectSection(ProjectDependencies) = postProject
		{71786BC0-1DBE-3192-8776-3B725F7EDAFA} = {71786BC0-1DBE-3192-8776-3B725F7EDAFA}
	EndProjectSection
EndProject
Global
	GlobalSection(SolutionConfigurationPlatforms) = preSolution
		Debug|x64 = Debug|x64
		Release|x64 = Release|x64
		MinSizeRel|x64 = MinSizeRel|x64
		RelWithDebInfo|x64 = RelWithDebInfo|x64
	EndGlobalSection
	GlobalSection(ProjectConfigurationPlatforms) = postSolution
		{B9F34980-8BFF-37F5-95BD-D94C20B2FE51}.Debug|x64.ActiveCfg = Debug|x64
		{B9F34980-8BFF-37F5-95BD-D94C20B2FE51}.Debug|x64.Build.0 = Debug|x64
		{B9F34980-8BFF-37F5-95BD-D94C20B2FE51}.Release|x64.ActiveCfg = Release|x64
		{B9F34980-8BFF-37F5-95BD-D94C20B2FE51}.Release|x64.Build.0 = Release|x64
		{B9F34980-8BFF-37F5-95BD-D94C20B2FE51}.MinSizeRel|x64.ActiveCfg = MinSizeRel|x64
		{B9F34980-8BFF-37F5-95BD-D94C20B2FE51}.MinSizeRel|x64.Build.0 = MinSizeRel|x64
		{B9F34980-8BFF-37F5-95BD-D94C20B2FE51}.RelWithDebInfo|x64.ActiveCfg = RelWithDebInfo|x64
		{B9F34980-8BFF-37F5-95BD-D94C20B2FE51}.RelWithDebInfo|x64.Build.0 = RelWithDebInfo|x64
		{1CC089D9-A168-3AE5-8520-DCFED4A838F2}.Debug|x64.ActiveCfg = Debug|x64
		{1CC089D9-A168-3AE5-8520-DCFED4A838F2}.Release|x64.ActiveCfg = Release|x64
		{1CC089D9-A168-3AE5-8520-DCFED4A838F2}.MinSizeRel|x64.ActiveCfg = MinSizeRel|x64
		{1CC089D9-A168-3AE5-8520-DCFED4A838F2}.RelWithDebInfo|x64.ActiveCfg = RelWithDebInfo|x64
		{BA559CEB-92A4-3A0F-A868-0C9591CBE0E8}.Debug|x64.ActiveCfg = Debug|x64
		{BA559CEB-92A4-3A0F-A868-0C9591CBE0E8}.Release|x64.ActiveCfg = Release|x64
		{BA559CEB-92A4-3A0F-A868-0C9591CBE0E8}.MinSizeRel|x64.ActiveCfg = MinSizeRel|x64
		{BA559CEB-92A4-3A0F-A868-0C9591CBE0E8}.RelWithDebInfo|x64.ActiveCfg = RelWithDebInfo|x64
		{8AF9E92C-CFCF-3520-B7D4-D6598A18E9C1}.Debug|x64.ActiveCfg = Debug|x64
		{8AF9E92C-CFCF-3520-B7D4-D6598A18E9C1}.Release|x64.ActiveCfg = Release|x64
		{8AF9E92C-CFCF-3520-B7D4-D6598A18E9C1}.MinSizeRel|x64.ActiveCfg = MinSizeRel|x64
		{8AF9E92C-CFCF-3520-B7D4-D6598A18E9C1}.RelWithDebInfo|x64.ActiveCfg = RelWithDebInfo|x64
		{462FB187-E910-36F6-808B-8AC677B1A728}.Debug|x64.ActiveCfg = Debug|x64
		{462FB187-E910-36F6-808B-8AC677B1A728}.Release|x64.ActiveCfg = Release|x64
		{462FB187-E910-36F6-808B-8AC677B1A728}.MinSizeRel|x64.ActiveCfg = MinSizeRel|x64
		{462FB187-E910-36F6-808B-8AC677B1A728}.RelWithDebInfo|x64.ActiveCfg = RelWithDebInfo|x64
		{AE627872-BD7A-3B3F-9C1A-685B1DC60E84}.Debug|x64.ActiveCfg = Debug|x64
		{AE627872-BD7A-3B3F-9C1A-685B1DC60E84}.Release|x64.ActiveCfg = Release|x64
		{AE627872-BD7A-3B3F-9C1A-685B1DC60E84}.MinSizeRel|x64.ActiveCfg = MinSizeRel|x64
		{AE627872-BD7A-3B3F-9C1A-685B1DC60E84}.RelWithDebInfo|x64.ActiveCfg = RelWithDebInfo|x64
		{B5452F79-A843-3354-BFE2-3D12227C3E0F}.Debug|x64.ActiveCfg = Debug|x64
		{B5452F79-A843-3354-BFE2-3D12227C3E0F}.Release|x64.ActiveCfg = Release|x64
		{B5452F79-A843-3354-BFE2-3D12227C3E0F}.MinSizeRel|x64.ActiveCfg = MinSizeRel|x64
		{B5452F79-A843-3354-BFE2-3D12227C3E0F}.RelWithDebInfo|x64.ActiveCfg = RelWithDebInfo|x64
		{3B420456-B86D-34B8-A7BA-938B0D8D2148}.Debug|x64.ActiveCfg = Debug|x64
		{3B420456-B86D-34B8-A7BA-938B0D8D2148}.Release|x64.ActiveCfg = Release|x64
		{3B420456-B86D-34B8-A7BA-938B0D8D2148}.MinSizeRel|x64.ActiveCfg = MinSizeRel|x64
		{3B420456-B86D-34B8-A7BA-938B0D8D2148}.RelWithDebInfo|x64.ActiveCfg = RelWithDebInfo|x64
		{9E87ED8B-CD58-3E4C-83D5-0762BDBC7B9A}.Debug|x64.ActiveCfg = Debug|x64
		{9E87ED8B-CD58-3E4C-83D5-0762BDBC7B9A}.Release|x64.ActiveCfg = Release|x64
		{9E87ED8B-CD58-3E4C-83D5-0762BDBC7B9A}.MinSizeRel|x64.ActiveCfg = MinSizeRel|x64
		{9E87ED8B-CD58-3E4C-83D5-0762BDBC7B9A}.RelWithDebInfo|x64.ActiveCfg = RelWithDebInfo|x64
		{80267A43-E787-3160-ADF2-D261753224C8}.Debug|x64.ActiveCfg = Debug|x64
		{80267A43-E787-3160-ADF2-D261753224C8}.Release|x64.ActiveCfg = Release|x64
		{80267A43-E787-3160-ADF2-D261753224C8}.MinSizeRel|x64.ActiveCfg = MinSizeRel|x64
		{80267A43-E787-3160-ADF2-D261753224C8}.RelWithDebInfo|x64.ActiveCfg = RelWithDebInfo|x64
		{22B3163D-7505-399F-BB7A-FB7720A0C589}.Debug|x64.ActiveCfg = Debug|x64
		{22B3163D-7505-399F-BB7A-FB7720A0C589}.Debug|x64.Build.0 = Debug|x64
		{22B3163D-7505-399F-BB7A-FB7720A0C589}.Release|x64.ActiveCfg = Release|x64
		{22B3163D-7505-399F-BB7A-FB7720A0C589}.Release|x64.Build.0 = Release|x64
		{22B3163D-7505-399F-BB7A-FB7720A0C589}.MinSizeRel|x64.ActiveCfg = MinSizeRel|x64
		{22B3163D-7505-399F-BB7A-FB7720A0C589}.MinSizeRel|x64.Build.0 = MinSizeRel|x64
		{22B3163D-7505-399F-BB7A-FB7720A0C589}.RelWithDebInfo|x64.ActiveCfg = RelWithDebInfo|x64
		{22B3163D-7505-399F-BB7A-FB7720A0C589}.RelWithDebInfo|x64.Build.0 = RelWithDebInfo|x64
		{509D6A0C-D921-3755-9918-175ED67AF4B3}.Debug|x64.ActiveCfg = Debug|x64
		{509D6A0C-D921-3755-9918-175ED67AF4B3}.Debug|x64.Build.0 = Debug|x64
		{509D6A0C-D921-3755-9918-175ED67AF4B3}.Release|x64.ActiveCfg = Release|x64
		{509D6A0C-D921-3755-9918-175ED67AF4B3}.Release|x64.Build.0 = Release|x64
		{509D6A0C-D921-3755-9918-175ED67AF4B3}.MinSizeRel|x64.ActiveCfg = MinSizeRel|x64
		{509D6A0C-D921-3755-9918-175ED67AF4B3}.MinSizeRel|x64.Build.0 = MinSizeRel|x64
		{509D6A0C-D921-3755-9918-175ED67AF4B3}.RelWithDebInfo|x64.ActiveCfg = RelWithDebInfo|x64
		{509D6A0C-D921-3755-9918-175ED67AF4B3}.RelWithDebInfo|x64.Build.0 = RelWithDebInfo|x64
		{B53336B6-EB71-3647-9E28-C5185BDCC55A}.Debug|x64.ActiveCfg = Debug|x64
		{B53336B6-EB71-3647-9E28-C5185BDCC55A}.Debug|x64.Build.0 = Debug|x64
		{B53336B6-EB71-3647-9E28-C5185BDCC55A}.Release|x64.ActiveCfg = Release|x64
		{B53336B6-EB71-3647-9E28-C5185BDCC55A}.Release|x64.Build.0 = Release|x64
		{B53336B6-EB71-3647-9E28-C5185BDCC55A}.MinSizeRel|x64.ActiveCfg = MinSizeRel|x64
		{B53336B6-EB71-3647-9E28-C5185BDCC55A}.MinSizeRel|x64.Build.0 = MinSizeRel|x64
		{B53336B6-EB71-3647-9E28-C5185BDCC55A}.RelWithDebInfo|x64.ActiveCfg = RelWithDebInfo|x64
		{B53336B6-EB71-3647-9E28-C5185BDCC55A}.RelWithDebInfo|x64.Build.0 = RelWithDebInfo|x64
		{71786BC0-1DBE-3192-8776-3B725F7EDAFA}.Debug|x64.ActiveCfg = Debug|x64
		{71786BC0-1DBE-3192-8776-3B725F7EDAFA}.Debug|x64.Build.0 = Debug|x64
		{71786BC0-1DBE-3192-8776-3B725F7EDAFA}.Release|x64.ActiveCfg = Release|x64
		{71786BC0-1DBE-3192-8776-3B725F7EDAFA}.Release|x64.Build.0 = Release|x64
		{71786BC0-1DBE-3192-8776-3B725F7EDAFA}.MinSizeRel|x64.ActiveCfg = MinSizeRel|x64
		{71786BC0-1DBE-3192-8776-3B725F7EDAFA}.MinSizeRel|x64.Build.0 = MinSizeRel|x64
		{71786BC0-1DBE-3192-8776-3B725F7EDAFA}.RelWithDebInfo|x64.ActiveCfg = RelWithDebInfo|x64
		{71786BC0-1DBE-3192-8776-3B725F7EDAFA}.RelWithDebInfo|x64.Build.0 = RelWithDebInfo|x64
		{C36B0673-5CC1-376B-AB6B-A647F548B07F}.Debug|x64.ActiveCfg = Debug|x64
		{C36B0673-5CC1-376B-AB6B-A647F548B07F}.Debug|x64.Build.0 = Debug|x64
		{C36B0673-5CC1-376B-AB6B-A647F548B07F}.Release|x64.ActiveCfg = Release|x64
		{C36B0673-5CC1-376B-AB6B-A647F548B07F}.Release|x64.Build.0 = Release|x64
		{C36B0673-5CC1-376B-AB6B-A647F548B07F}.MinSizeRel|x64.ActiveCfg = MinSizeRel|x64
		{C36B0673-5CC1-376B-AB6B-A647F548B07F}.MinSizeRel|x64.Build.0 = MinSizeRel|x64
		{C36B0673-5CC1-376B-AB6B-A647F548B07F}.RelWithDebInfo|x64.ActiveCfg = RelWithDebInfo|x64
		{C36B0673-5CC1-376B-AB6B-A647F548B07F}.RelWithDebInfo|x64.Build.0 = RelWithDebInfo|x64
		{C255AE44-BCFE-3566-A010-DCCF341D2331}.Debug|x64.ActiveCfg = Debug|x64
		{C255AE44-BCFE-3566-A010-DCCF341D2331}.Debug|x64.Build.0 = Debug|x64
		{C255AE44-BCFE-3566-A010-DCCF341D2331}.Release|x64.ActiveCfg = Release|x64
		{C255AE44-BCFE-3566-A010-DCCF341D2331}.Release|x64.Build.0 = Release|x64
		{C255AE44-BCFE-3566-A010-DCCF341D2331}.MinSizeRel|x64.ActiveCfg = MinSizeRel|x64
		{C255AE44-BCFE-3566-A010-DCCF341D2331}.MinSizeRel|x64.Build.0 = MinSizeRel|x64
		{C255AE44-BCFE-3566-A010-DCCF341D2331}.RelWithDebInfo|x64.ActiveCfg = RelWithDebInfo|x64
		{C255AE44-BCFE-3566-A010-DCCF341D2331}.RelWithDebInfo|x64.Build.0 = RelWithDebInfo|x64
		{91457448-2DF9-3D94-A6D0-E954EBE5A557}.Debug|x64.ActiveCfg = Debug|x64
		{91457448-2DF9-3D94-A6D0-E954EBE5A557}.Debug|x64.Build.0 = Debug|x64
		{91457448-2DF9-3D94-A6D0-E954EBE5A557}.Release|x64.ActiveCfg = Release|x64
		{91457448-2DF9-3D94-A6D0-E954EBE5A557}.Release|x64.Build.0 = Release|x64
		{91457448-2DF9-3D94-A6D0-E954EBE5A557}.MinSizeRel|x64.ActiveCfg = MinSizeRel|x64
		{91457448-2DF9-3D94-A6D0-E954EBE5A557}.MinSizeRel|x64.Build.0 = MinSizeRel|x64
		{91457448-2DF9-3D94-A6D0-E954EBE5A557}.RelWithDebInfo|x64.ActiveCfg = RelWithDebInfo|x64
		{91457448-2DF9-3D94-A6D0-E954EBE5A557}.RelWithDebInfo|x64.Build.0 = RelWithDebInfo|x64
	EndGlobalSection
	GlobalSection(ExtensibilityGlobals) = postSolution
		SolutionGuid = {A31BD560-27F5-3CE1-8F60-2D465B83D923}
	EndGlobalSection
	GlobalSection(ExtensibilityAddIns) = postSolution
	EndGlobalSection
EndGlobal
